// !$*UTF8*$!
{
	archiveVersion = 1;
	classes = {
	};
	objectVersion = 48;
	objects = {

/* Begin PBXBuildFile section */
		22C99DDC1F60E88700D26619 /* AppDelegate.swift in Sources */ = {isa = PBXBuildFile; fileRef = 22C99DDB1F60E88700D26619 /* AppDelegate.swift */; };
		22C99DDE1F60E88700D26619 /* ViewController.swift in Sources */ = {isa = PBXBuildFile; fileRef = 22C99DDD1F60E88700D26619 /* ViewController.swift */; };
		22C99DE01F60E88700D26619 /* Assets.xcassets in Resources */ = {isa = PBXBuildFile; fileRef = 22C99DDF1F60E88700D26619 /* Assets.xcassets */; };
		22C99DE31F60E88700D26619 /* Main.storyboard in Resources */ = {isa = PBXBuildFile; fileRef = 22C99DE11F60E88700D26619 /* Main.storyboard */; };
		22C99DEC1F60E92200D26619 /* LMC_Interpreter.swift in Sources */ = {isa = PBXBuildFile; fileRef = 22C99DEB1F60E92200D26619 /* LMC_Interpreter.swift */; };
/* End PBXBuildFile section */

/* Begin PBXFileReference section */
		22C99DD81F60E88700D26619 /* LMC.app */ = {isa = PBXFileReference; explicitFileType = wrapper.application; includeInIndex = 0; path = LMC.app; sourceTree = BUILT_PRODUCTS_DIR; };
		22C99DDB1F60E88700D26619 /* AppDelegate.swift */ = {isa = PBXFileReference; lastKnownFileType = sourcecode.swift; path = AppDelegate.swift; sourceTree = "<group>"; };
		22C99DDD1F60E88700D26619 /* ViewController.swift */ = {isa = PBXFileReference; lastKnownFileType = sourcecode.swift; path = ViewController.swift; sourceTree = "<group>"; };
		22C99DDF1F60E88700D26619 /* Assets.xcassets */ = {isa = PBXFileReference; lastKnownFileType = folder.assetcatalog; path = Assets.xcassets; sourceTree = "<group>"; };
		22C99DE21F60E88700D26619 /* Base */ = {isa = PBXFileReference; lastKnownFileType = file.storyboard; name = Base; path = Base.lproj/Main.storyboard; sourceTree = "<group>"; };
		22C99DE41F60E88700D26619 /* Info.plist */ = {isa = PBXFileReference; lastKnownFileType = text.plist.xml; path = Info.plist; sourceTree = "<group>"; };
		22C99DE51F60E88700D26619 /* LMC.entitlements */ = {isa = PBXFileReference; lastKnownFileType = text.plist.entitlements; path = LMC.entitlements; sourceTree = "<group>"; };
		22C99DEB1F60E92200D26619 /* LMC_Interpreter.swift */ = {isa = PBXFileReference; lastKnownFileType = sourcecode.swift; path = LMC_Interpreter.swift; sourceTree = "<group>"; };
/* End PBXFileReference section */

/* Begin PBXFrameworksBuildPhase section */
		22C99DD51F60E88700D26619 /* Frameworks */ = {
			isa = PBXFrameworksBuildPhase;
			buildActionMask = 2147483647;
			files = (
			);
			runOnlyForDeploymentPostprocessing = 0;
		};
/* End PBXFrameworksBuildPhase section */

/* Begin PBXGroup section */
		22C99DCF1F60E88700D26619 = {
			isa = PBXGroup;
			children = (
				22C99DDA1F60E88700D26619 /* LMC */,
				22C99DD91F60E88700D26619 /* Products */,
			);
			sourceTree = "<group>";
		};
		22C99DD91F60E88700D26619 /* Products */ = {
			isa = PBXGroup;
			children = (
				22C99DD81F60E88700D26619 /* LMC.app */,
			);
			name = Products;
			sourceTree = "<group>";
		};
		22C99DDA1F60E88700D26619 /* LMC */ = {
			isa = PBXGroup;
			children = (
				22C99DDB1F60E88700D26619 /* AppDelegate.swift */,
				22C99DDD1F60E88700D26619 /* ViewController.swift */,
				22C99DEB1F60E92200D26619 /* LMC_Interpreter.swift */,
				22C99DDF1F60E88700D26619 /* Assets.xcassets */,
				22C99DE11F60E88700D26619 /* Main.storyboard */,
				22C99DE41F60E88700D26619 /* Info.plist */,
				22C99DE51F60E88700D26619 /* LMC.entitlements */,
			);
			path = LMC;
			sourceTree = "<group>";
		};
/* End PBXGroup section */

/* Begin PBXNativeTarget section */
		22C99DD71F60E88700D26619 /* LMC */ = {
			isa = PBXNativeTarget;
			buildConfigurationList = 22C99DE81F60E88700D26619 /* Build configuration list for PBXNativeTarget "LMC" */;
			buildPhases = (
				22C99DD41F60E88700D26619 /* Sources */,
				22C99DD51F60E88700D26619 /* Frameworks */,
				22C99DD61F60E88700D26619 /* Resources */,
			);
			buildRules = (
			);
			dependencies = (
			);
			name = LMC;
			productName = LMC;
			productReference = 22C99DD81F60E88700D26619 /* LMC.app */;
			productType = "com.apple.product-type.application";
		};
/* End PBXNativeTarget section */

/* Begin PBXProject section */
		22C99DD01F60E88700D26619 /* Project object */ = {
			isa = PBXProject;
			attributes = {
				LastSwiftUpdateCheck = 0900;
				LastUpgradeCheck = 0900;
				ORGANIZATIONNAME = "Salman Husain";
				TargetAttributes = {
					22C99DD71F60E88700D26619 = {
						CreatedOnToolsVersion = 9.0;
					};
				};
			};
			buildConfigurationList = 22C99DD31F60E88700D26619 /* Build configuration list for PBXProject "LMC" */;
			compatibilityVersion = "Xcode 8.0";
			developmentRegion = en;
			hasScannedForEncodings = 0;
			knownRegions = (
				en,
				Base,
			);
			mainGroup = 22C99DCF1F60E88700D26619;
			productRefGroup = 22C99DD91F60E88700D26619 /* Products */;
			projectDirPath = "";
			projectRoot = "";
			targets = (
				22C99DD71F60E88700D26619 /* LMC */,
			);
		};
/* End PBXProject section */

/* Begin PBXResourcesBuildPhase section */
		22C99DD61F60E88700D26619 /* Resources */ = {
			isa = PBXResourcesBuildPhase;
			buildActionMask = 2147483647;
			files = (
				22C99DE01F60E88700D26619 /* Assets.xcassets in Resources */,
				22C99DE31F60E88700D26619 /* Main.storyboard in Resources */,
			);
			runOnlyForDeploymentPostprocessing = 0;
		};
/* End PBXResourcesBuildPhase section */

/* Begin PBXSourcesBuildPhase section */
		22C99DD41F60E88700D26619 /* Sources */ = {
			isa = PBXSourcesBuildPhase;
			buildActionMask = 2147483647;
			files = (
				22C99DDE1F60E88700D26619 /* ViewController.swift in Sources */,
				22C99DDC1F60E88700D26619 /* AppDelegate.swift in Sources */,
				22C99DEC1F60E92200D26619 /* LMC_Interpreter.swift in Sources */,
			);
			runOnlyForDeploymentPostprocessing = 0;
		};
/* End PBXSourcesBuildPhase section */

/* Begin PBXVariantGroup section */
		22C99DE11F60E88700D26619 /* Main.storyboard */ = {
			isa = PBXVariantGroup;
			children = (
				22C99DE21F60E88700D26619 /* Base */,
			);
			name = Main.storyboard;
			sourceTree = "<group>";
		};
/* End PBXVariantGroup section */

/* Begin XCBuildConfiguration section */
		22C99DE61F60E88700D26619 /* Debug */ = {
			isa = XCBuildConfiguration;
			buildSettings = {
				ALWAYS_SEARCH_USER_PATHS = NO;
				CLANG_ANALYZER_NONNULL = YES;
				CLANG_ANALYZER_NUMBER_OBJECT_CONVERSION = YES_AGGRESSIVE;
				CLANG_CXX_LANGUAGE_STANDARD = "gnu++14";
				CLANG_CXX_LIBRARY = "libc++";
				CLANG_ENABLE_MODULES = YES;
				CLANG_ENABLE_OBJC_ARC = YES;
				CLANG_WARN_BLOCK_CAPTURE_AUTORELEASING = YES;
				CLANG_WARN_BOOL_CONVERSION = YES;
				CLANG_WARN_COMMA = YES;
				CLANG_WARN_CONSTANT_CONVERSION = YES;
				CLANG_WARN_DIRECT_OBJC_ISA_USAGE = YES_ERROR;
				CLANG_WARN_DOCUMENTATION_COMMENTS = YES;
				CLANG_WARN_EMPTY_BODY = YES;
				CLANG_WARN_ENUM_CONVERSION = YES;
				CLANG_WARN_INFINITE_RECURSION = YES;
				CLANG_WARN_INT_CONVERSION = YES;
				CLANG_WARN_NON_LITERAL_NULL_CONVERSION = YES;
				CLANG_WARN_OBJC_LITERAL_CONVERSION = YES;
				CLANG_WARN_OBJC_ROOT_CLASS = YES_ERROR;
				CLANG_WARN_RANGE_LOOP_ANALYSIS = YES;
				CLANG_WARN_STRICT_PROTOTYPES = YES;
				CLANG_WARN_SUSPICIOUS_MOVE = YES;
				CLANG_WARN_UNGUARDED_AVAILABILITY = YES_AGGRESSIVE;
				CLANG_WARN_UNREACHABLE_CODE = YES;
				CLANG_WARN__DUPLICATE_METHOD_MATCH = YES;
				CODE_SIGN_IDENTITY = "Mac Developer";
				COPY_PHASE_STRIP = NO;
				DEBUG_INFORMATION_FORMAT = dwarf;
				ENABLE_STRICT_OBJC_MSGSEND = YES;
				ENABLE_TESTABILITY = YES;
				GCC_C_LANGUAGE_STANDARD = gnu11;
				GCC_DYNAMIC_NO_PIC = NO;
				GCC_NO_COMMON_BLOCKS = YES;
				GCC_OPTIMIZATION_LEVEL = 0;
				GCC_PREPROCESSOR_DEFINITIONS = (
					"DEBUG=1",
					"$(inherited)",
				);
				GCC_WARN_64_TO_32_BIT_CONVERSION = YES;
				GCC_WARN_ABOUT_RETURN_TYPE = YES_ERROR;
				GCC_WARN_UNDECLARED_SELECTOR = YES;
				GCC_WARN_UNINITIALIZED_AUTOS = YES_AGGRESSIVE;
				GCC_WARN_UNUSED_FUNCTION = YES;
				GCC_WARN_UNUSED_VARIABLE = YES;
				MACOSX_DEPLOYMENT_TARGET = 10.12;
				MTL_ENABLE_DEBUG_INFO = YES;
				ONLY_ACTIVE_ARCH = YES;
				SDKROOT = macosx;
				SWIFT_ACTIVE_COMPILATION_CONDITIONS = DEBUG;
				SWIFT_OPTIMIZATION_LEVEL = "-Onone";
			};
			name = Debug;
		};
		22C99DE71F60E88700D26619 /* Release */ = {
			isa = XCBuildConfiguration;
			buildSettings = {
				ALWAYS_SEARCH_USER_PATHS = NO;
				CLANG_ANALYZER_NONNULL = YES;
				CLANG_ANALYZER_NUMBER_OBJECT_CONVERSION = YES_AGGRESSIVE;
				CLANG_CXX_LANGUAGE_STANDARD = "gnu++14";
				CLANG_CXX_LIBRARY = "libc++";
				CLANG_ENABLE_MODULES = YES;
				CLANG_ENABLE_OBJC_ARC = YES;
				CLANG_WARN_BLOCK_CAPTURE_AUTORELEASING = YES;
				CLANG_WARN_BOOL_CONVERSION = YES;
				CLANG_WARN_COMMA = YES;
				CLANG_WARN_CONSTANT_CONVERSION = YES;
				CLANG_WARN_DIRECT_OBJC_ISA_USAGE = YES_ERROR;
				CLANG_WARN_DOCUMENTATION_COMMENTS = YES;
				CLANG_WARN_EMPTY_BODY = YES;
				CLANG_WARN_ENUM_CONVERSION = YES;
				CLANG_WARN_INFINITE_RECURSION = YES;
				CLANG_WARN_INT_CONVERSION = YES;
				CLANG_WARN_NON_LITERAL_NULL_CONVERSION = YES;
				CLANG_WARN_OBJC_LITERAL_CONVERSION = YES;
				CLANG_WARN_OBJC_ROOT_CLASS = YES_ERROR;
				CLANG_WARN_RANGE_LOOP_ANALYSIS = YES;
				CLANG_WARN_STRICT_PROTOTYPES = YES;
				CLANG_WARN_SUSPICIOUS_MOVE = YES;
				CLANG_WARN_UNGUARDED_AVAILABILITY = YES_AGGRESSIVE;
				CLANG_WARN_UNREACHABLE_CODE = YES;
				CLANG_WARN__DUPLICATE_METHOD_MATCH = YES;
				CODE_SIGN_IDENTITY = "Mac Developer";
				COPY_PHASE_STRIP = NO;
				DEBUG_INFORMATION_FORMAT = "dwarf-with-dsym";
				ENABLE_NS_ASSERTIONS = NO;
				ENABLE_STRICT_OBJC_MSGSEND = YES;
				GCC_C_LANGUAGE_STANDARD = gnu11;
				GCC_NO_COMMON_BLOCKS = YES;
				GCC_WARN_64_TO_32_BIT_CONVERSION = YES;
				GCC_WARN_ABOUT_RETURN_TYPE = YES_ERROR;
				GCC_WARN_UNDECLARED_SELECTOR = YES;
				GCC_WARN_UNINITIALIZED_AUTOS = YES_AGGRESSIVE;
				GCC_WARN_UNUSED_FUNCTION = YES;
				GCC_WARN_UNUSED_VARIABLE = YES;
				MACOSX_DEPLOYMENT_TARGET = 10.12;
				MTL_ENABLE_DEBUG_INFO = NO;
				SDKROOT = macosx;
				SWIFT_OPTIMIZATION_LEVEL = "-Owholemodule";
			};
			name = Release;
		};
		22C99DE91F60E88700D26619 /* Debug */ = {
			isa = XCBuildConfiguration;
			buildSettings = {
				ASSETCATALOG_COMPILER_APPICON_NAME = AppIcon;
				CODE_SIGN_ENTITLEMENTS = LMC/LMC.entitlements;
				COMBINE_HIDPI_IMAGES = YES;
				DEVELOPMENT_TEAM = XBKLZPN8YT;
				INFOPLIST_FILE = LMC/Info.plist;
				LD_RUNPATH_SEARCH_PATHS = "$(inherited) @executable_path/../Frameworks";
				PRODUCT_BUNDLE_IDENTIFIER = com.CarbonDev.LMC;
				PRODUCT_NAME = "$(TARGET_NAME)";
				SWIFT_VERSION = 4.0;
			};
			name = Debug;
		};
		22C99DEA1F60E88700D26619 /* Release */ = {
			isa = XCBuildConfiguration;
			buildSettings = {
				ASSETCATALOG_COMPILER_APPICON_NAME = AppIcon;
				CODE_SIGN_ENTITLEMENTS = LMC/LMC.entitlements;
				COMBINE_HIDPI_IMAGES = YES;
				DEVELOPMENT_TEAM = XBKLZPN8YT;
				INFOPLIST_FILE = LMC/Info.plist;
				LD_RUNPATH_SEARCH_PATHS = "$(inherited) @executable_path/../Frameworks";
				PRODUCT_BUNDLE_IDENTIFIER = com.CarbonDev.LMC;
				PRODUCT_NAME = "$(TARGET_NAME)";
				SWIFT_VERSION = 4.0;
			};
			name = Release;
		};
/* End XCBuildConfiguration section */

/* Begin XCConfigurationList section */
		22C99DD31F60E88700D26619 /* Build configuration list for PBXProject "LMC" */ = {
			isa = XCConfigurationList;
			buildConfigurations = (
				22C99DE61F60E88700D26619 /* Debug */,
				22C99DE71F60E88700D26619 /* Release */,
			);
			defaultConfigurationIsVisible = 0;
			defaultConfigurationName = Release;
		};
		22C99DE81F60E88700D26619 /* Build configuration list for PBXNativeTarget "LMC" */ = {
			isa = XCConfigurationList;
			buildConfigurations = (
				22C99DE91F60E88700D26619 /* Debug */,
				22C99DEA1F60E88700D26619 /* Release */,
			);
			defaultConfigurationIsVisible = 0;
			defaultConfigurationName = Release;
		};
/* End XCConfigurationList section */
	};
	rootObject = 22C99DD01F60E88700D26619 /* Project object */;
}
